
Microsoft Visual Studio Solution File, Format Version 12.00
# Visual Studio Version 16
VisualStudioVersion = 16.0.30717.126
MinimumVisualStudioVersion = 10.0.40219.1
Project("{FAE04EC0-301F-11D3-BF4B-00C04F79EFBC}") = "Days", "Days\Days.csproj", "{DD9941AF-9AED-4E75-8D27-65834182179D}"
EndProject
Project("{FAE04EC0-301F-11D3-BF4B-00C04F79EFBC}") = "Solver UI", "Solver UI\Solver UI.csproj", "{F8D18DDB-72B9-4AA3-A8F9-6F0C0C075473}"
EndProject
Global
	GlobalSection(SolutionConfigurationPlatforms) = preSolution
		Debug|Any CPU = Debug|Any CPU
		Release|Any CPU = Release|Any CPU
	EndGlobalSection
	GlobalSection(ProjectConfigurationPlatforms) = postSolution
		{DD9941AF-9AED-4E75-8D27-65834182179D}.Debug|Any CPU.ActiveCfg = Debug|Any CPU
		{DD9941AF-9AED-4E75-8D27-65834182179D}.Debug|Any CPU.Build.0 = Debug|Any CPU
		{DD9941AF-9AED-4E75-8D27-65834182179D}.Release|Any CPU.ActiveCfg = Release|Any CPU
		{DD9941AF-9AED-4E75-8D27-65834182179D}.Release|Any CPU.Build.0 = Release|Any CPU
		{F8D18DDB-72B9-4AA3-A8F9-6F0C0C075473}.Debug|Any CPU.ActiveCfg = Debug|Any CPU
		{F8D18DDB-72B9-4AA3-A8F9-6F0C0C075473}.Debug|Any CPU.Build.0 = Debug|Any CPU
		{F8D18DDB-72B9-4AA3-A8F9-6F0C0C075473}.Release|Any CPU.ActiveCfg = Release|Any CPU
		{F8D18DDB-72B9-4AA3-A8F9-6F0C0C075473}.Release|Any CPU.Build.0 = Release|Any CPU
	EndGlobalSection
	GlobalSection(SolutionProperties) = preSolution
		HideSolutionNode = FALSE
	EndGlobalSection
	GlobalSection(ExtensibilityGlobals) = postSolution
		SolutionGuid = {52BAFA30-31A2-4C59-8542-3F6FE765DA71}
	EndGlobalSection
EndGlobal
